
Microsoft Visual Studio Solution File, Format Version 12.00
# Visual Studio Version 16
VisualStudioVersion = 16.0.31624.102
MinimumVisualStudioVersion = 10.0.40219.1
Project("{FAE04EC0-301F-11D3-BF4B-00C04F79EFBC}") = "CalculatorGUI", "CalculatorGUI.csproj", "{6EC0134A-164C-479A-BA0C-570D58EB0852}"
EndProject
Global
	GlobalSection(SolutionConfigurationPlatforms) = preSolution
		Debug|Any CPU = Debug|Any CPU
		Release|Any CPU = Release|Any CPU
	EndGlobalSection
	GlobalSection(ProjectConfigurationPlatforms) = postSolution
		{6EC0134A-164C-479A-BA0C-570D58EB0852}.Debug|Any CPU.ActiveCfg = Debug|Any CPU
		{6EC0134A-164C-479A-BA0C-570D58EB0852}.Debug|Any CPU.Build.0 = Debug|Any CPU
		{6EC0134A-164C-479A-BA0C-570D58EB0852}.Release|Any CPU.ActiveCfg = Release|Any CPU
		{6EC0134A-164C-479A-BA0C-570D58EB0852}.Release|Any CPU.Build.0 = Release|Any CPU
	EndGlobalSection
	GlobalSection(SolutionProperties) = preSolution
		HideSolutionNode = FALSE
	EndGlobalSection
	GlobalSection(ExtensibilityGlobals) = postSolution
		SolutionGuid = {19DE8FA7-00D2-426E-98B2-451831465F48}
	EndGlobalSection
EndGlobal
